{
  "nodes": {
    "flake-parts": {
      "inputs": {
        "nixpkgs-lib": [
          "nixpkgs"
        ]
      },
      "locked": {
        "lastModified": 1788450739,
        "narHash": "sha256-glZLQlzIn1fXH6PazR2iUmTo7kzzyYSshrWhLS9TqCU=",
        "owner": "hercules-ci",
        "repo": "flake-parts",
        "rev": "31729ca8cbdb4fa927b34e5f4353e6a83f39e993",
        "type": "github"
      },
      "original": {
        "owner": "hercules-ci",
        "repo": "flake-parts",
        "type": "github"
      }
    },
    "mnw": {
      "locked": {
        "lastModified": 1790357809,
        "narHash": "sha256-6IWPAMEotKY/nQvs1kU6qwMwCXTeW5HlOhw2RwFHFdI=",
        "owner": "Gerg-L",
        "repo": "mnw",
        "rev": "a582dbedf7c8ec7effa6939ac5bdd23b27267d1b",
        "type": "github"
      },
      "original": {
        "owner": "Gerg-L",
        "repo": "mnw",
        "type": "github"
      }
    },
    "neovim-nightly": {
      "inputs": {
        "flake-parts": "flake-parts",
        "neovim-src": "neovim-src",
        "nixpkgs": [
          "nixpkgs"
        ]
      },
      "locked": {
        "lastModified": 1790812992,
        "narHash": "sha256-j8EPGCar2sC1pEIamhNOJVIs6Au0e/m4cH0Zz8d4dAs=",
        "owner": "nix-community",
        "repo": "neovim-nightly-overlay",
        "rev": "dafb45c31d5426d45e8cd159ed4908ed585c3c73",
        "type": "github"
      },
      "original": {
        "owner": "nix-community",
        "repo": "neovim-nightly-overlay",
        "type": "github"
      }
    },
    "neovim-src": {
      "flake": false,
      "locked": {
        "lastModified": 1790812248,
        "narHash": "sha256-8UXtiIJlyyKHOoQBTQ6klysFdaqpAajFnBJAnNK+FJg=",
        "owner": "neovim",
        "repo": "neovim",
        "rev": "d7d11f86227522a959a44986820f2192fafb87ee",
        "type": "github"
      },
      "original": {
        "owner": "neovim",
        "repo": "neovim",
        "type": "github"
      }
    },
    "nixpkgs": {
      "locked": {
        "lastModified": 1790822859,
        "narHash": "sha256-69xHQhAeMAD2wDXO7T2pcOZIF9Sga2W+JkmY2a11Ops=",
        "owner": "NixOS",
        "repo": "nixpkgs",
        "rev": "c59305bab2065cfecc4944690d9eedbb56f3a9fa",
        "type": "github"
      },
      "original": {
        "owner": "NixOS",
        "ref": "nixos-unstable",
        "repo": "nixpkgs",
        "type": "github"
      }
    },
    "root": {
      "inputs": {
        "mnw": "mnw",
        "neovim-nightly": "neovim-nightly",
        "nixpkgs": "nixpkgs"
      }
    }
  },
  "root": "root",
  "version": 7
}
